PODS:
  - BigInt (3.1.0):
    - SipHash (~> 1.2)
  - EosioSwift (0.0.2):
    - BigInt (~> 3.1)
  - EosioSwiftEcc (0.0.2):
    - EosioSwift (~> 0.0.2)
    - GRKOpenSSLFramework (~> 1.0)
  - EosioSwiftVault (0.0.1):
    - EosioSwift (~> 0.0.1)
    - EosioSwiftEcc (~> 0.0.1)
  - GRKOpenSSLFramework (1.0.2.16)
  - SipHash (1.2.2)
  - SwiftLint (0.31.0)

DEPENDENCIES:
  - EosioSwift (from `../eosio-swift`)
  - EosioSwiftEcc (from `../eosio-swift-ecc`)
  - EosioSwiftVault (from `../eosio-swift-vault`)
  - SwiftLint

SPEC REPOS:
  https://github.com/cocoapods/specs.git:
    - BigInt
    - GRKOpenSSLFramework
    - SipHash
    - SwiftLint

EXTERNAL SOURCES:
  EosioSwift:
    :path: "../eosio-swift"
  EosioSwiftEcc:
    :path: "../eosio-swift-ecc"
  EosioSwiftVault:
    :path: "../eosio-swift-vault"

SPEC CHECKSUMS:
  BigInt: 76b5dfdfa3e2e478d4ffdf161aeede5502e2742f
  EosioSwift: ee95140c19f0503d47c1373ea0380c75e58a499b
  EosioSwiftEcc: 0b976459cfc86772d2df30edcf98b38adf258f12
  EosioSwiftVault: fd401233ea824a88115d0c58e8c255d890543bc5
  GRKOpenSSLFramework: 35944e317e6336b2944ad70b059d84db6b2d8532
  SipHash: fad90a4683e420c52ef28063063dbbce248ea6d4
  SwiftLint: 7a0227733d786395817373b2d0ca799fd0093ff3

PODFILE CHECKSUM: f92c091fff62100870e4e805dd84141fe0d0b612

COCOAPODS: 1.6.1
