PODS:
  - BigInt (3.1.0):
    - SipHash (~> 1.2)
  - EosioSwift (0.1.1):
    - BigInt (~> 3.1)
    - PromiseKit (~> 6.8)
  - EosioSwiftEcc (0.1.1):
    - EosioSwift (~> 0.1.1)
    - GRKOpenSSLFramework (~> 1.0)
  - GRKOpenSSLFramework (1.0.2.16)
  - PromiseKit (6.10.0):
    - PromiseKit/CorePromise (= 6.10.0)
    - PromiseKit/Foundation (= 6.10.0)
    - PromiseKit/UIKit (= 6.10.0)
  - PromiseKit/CorePromise (6.10.0)
  - PromiseKit/Foundation (6.10.0):
    - PromiseKit/CorePromise
  - PromiseKit/UIKit (6.10.0):
    - PromiseKit/CorePromise
  - SipHash (1.2.2)
  - SwiftLint (0.33.1)

DEPENDENCIES:
  - EosioSwift (~> 0.1.1)
  - EosioSwiftEcc (~> 0.1.1)
  - SwiftLint

SPEC REPOS:
  https://github.com/cocoapods/specs.git:
    - BigInt
    - EosioSwift
    - EosioSwiftEcc
    - GRKOpenSSLFramework
    - PromiseKit
    - SipHash
    - SwiftLint

SPEC CHECKSUMS:
  BigInt: 76b5dfdfa3e2e478d4ffdf161aeede5502e2742f
  EosioSwift: d0710f56b8afc6408faf766427538f2af046c595
  EosioSwiftEcc: 24800b7d1577f13d64413ded2a36f6993ebf7896
  GRKOpenSSLFramework: 35944e317e6336b2944ad70b059d84db6b2d8532
  PromiseKit: 1fdaeb6c0a94a5114fcb814ff3d772b86886ad4e
  SipHash: fad90a4683e420c52ef28063063dbbce248ea6d4
  SwiftLint: 9fc1143bbacec37f94994a7d0d2a85b2154b6294

PODFILE CHECKSUM: a182cc8efb08e83dc7e6234aa6ad65b8144d3aef

COCOAPODS: 1.7.3
